
Microsoft Visual Studio Solution File, Format Version 12.00
# Visual Studio Version 16
VisualStudioVersion = 16.0.32428.217
MinimumVisualStudioVersion = 10.0.40219.1
Project("{FAE04EC0-301F-11D3-BF4B-00C04F79EFBC}") = "Hostel Management System", "Hostel Management System.csproj", "{70162400-C2AA-4FD5-9CB1-71EEE34AFF96}"
EndProject
Global
	GlobalSection(SolutionConfigurationPlatforms) = preSolution
		Debug|Any CPU = Debug|Any CPU
		Release|Any CPU = Release|Any CPU
	EndGlobalSection
	GlobalSection(ProjectConfigurationPlatforms) = postSolution
		{70162400-C2AA-4FD5-9CB1-71EEE34AFF96}.Debug|Any CPU.ActiveCfg = Debug|Any CPU
		{70162400-C2AA-4FD5-9CB1-71EEE34AFF96}.Debug|Any CPU.Build.0 = Debug|Any CPU
		{70162400-C2AA-4FD5-9CB1-71EEE34AFF96}.Release|Any CPU.ActiveCfg = Release|Any CPU
		{70162400-C2AA-4FD5-9CB1-71EEE34AFF96}.Release|Any CPU.Build.0 = Release|Any CPU
	EndGlobalSection
	GlobalSection(SolutionProperties) = preSolution
		HideSolutionNode = FALSE
	EndGlobalSection
	GlobalSection(ExtensibilityGlobals) = postSolution
		SolutionGuid = {B379FB06-9733-4749-B92E-A186B1A84C46}
	EndGlobalSection
EndGlobal
